
Microsoft Visual Studio Solution File, Format Version 12.00
# Visual Studio Version 16
VisualStudioVersion = 16.0.29503.13
MinimumVisualStudioVersion = 10.0.40219.1
Project("{9A19103F-16F7-4668-BE54-9A1E7A4F7556}") = "Domain", "Domain\Domain.csproj", "{D5C05C2C-4A67-40EB-ADAA-4DBAEA6B2A8D}"
EndProject
Project("{9A19103F-16F7-4668-BE54-9A1E7A4F7556}") = "Domain2", "Domain2\Domain2.csproj", "{0C2F1F99-EC79-48C4-BA25-CCD2EF87400E}"
EndProject
Project("{9A19103F-16F7-4668-BE54-9A1E7A4F7556}") = "Domain2_Test", "Domain2_Test\Domain2_Test.csproj", "{AC1C98FD-AABC-48D0-BD40-9A824A4661A3}"
EndProject
Global
	GlobalSection(SolutionConfigurationPlatforms) = preSolution
		Debug|Any CPU = Debug|Any CPU
		Release|Any CPU = Release|Any CPU
	EndGlobalSection
	GlobalSection(ProjectConfigurationPlatforms) = postSolution
		{D5C05C2C-4A67-40EB-ADAA-4DBAEA6B2A8D}.Debug|Any CPU.ActiveCfg = Debug|Any CPU
		{D5C05C2C-4A67-40EB-ADAA-4DBAEA6B2A8D}.Debug|Any CPU.Build.0 = Debug|Any CPU
		{D5C05C2C-4A67-40EB-ADAA-4DBAEA6B2A8D}.Release|Any CPU.ActiveCfg = Release|Any CPU
		{D5C05C2C-4A67-40EB-ADAA-4DBAEA6B2A8D}.Release|Any CPU.Build.0 = Release|Any CPU
		{0C2F1F99-EC79-48C4-BA25-CCD2EF87400E}.Debug|Any CPU.ActiveCfg = Debug|Any CPU
		{0C2F1F99-EC79-48C4-BA25-CCD2EF87400E}.Debug|Any CPU.Build.0 = Debug|Any CPU
		{0C2F1F99-EC79-48C4-BA25-CCD2EF87400E}.Release|Any CPU.ActiveCfg = Release|Any CPU
		{0C2F1F99-EC79-48C4-BA25-CCD2EF87400E}.Release|Any CPU.Build.0 = Release|Any CPU
		{AC1C98FD-AABC-48D0-BD40-9A824A4661A3}.Debug|Any CPU.ActiveCfg = Debug|Any CPU
		{AC1C98FD-AABC-48D0-BD40-9A824A4661A3}.Debug|Any CPU.Build.0 = Debug|Any CPU
		{AC1C98FD-AABC-48D0-BD40-9A824A4661A3}.Release|Any CPU.ActiveCfg = Release|Any CPU
		{AC1C98FD-AABC-48D0-BD40-9A824A4661A3}.Release|Any CPU.Build.0 = Release|Any CPU
	EndGlobalSection
	GlobalSection(SolutionProperties) = preSolution
		HideSolutionNode = FALSE
	EndGlobalSection
	GlobalSection(ExtensibilityGlobals) = postSolution
		SolutionGuid = {C490FBC1-3B0F-4AEB-AEFE-918CD47F4B2E}
	EndGlobalSection
EndGlobal
